github.com/davecgh/go-spew v1.1.0/go.mod h1:J7Y8YcW2NihsgmVo/mv3lAwl/skON4iLHjSsI+c5H38=
github.com/jarcoal/httpmock v1.0.6 h1:e81vOSexXU3mJuJ4l//geOmKIt+Vkxerk1feQBC8D0g=
github.com/jarcoal/httpmock v1.0.6/go.mod h1:ATjnClrvW/3tijVmpL/va5Z3aAyGvqU3gCT8nX0Txik=
github.com/liasece/micserver v0.0.0-20200609003128-c41a593c441c h1:R48r7CRxKzkvI4XVOdfgShicjNqmpFMNLu0LxPZqOfg=
github.com/liasece/micserver v0.0.0-20200609003128-c41a593c441c/go.mod h1:Achpg09jKSsX4GYqVt8nHdRbtwMssIfEqPLeHXa0k7k=
github.com/liasece/micserver v0.1.3 h1:4tSXyOD7mamRIv7TenV9XFFcc4OpFHYLYCr0n1ru2ng=
github.com/liasece/micserver v0.1.3/go.mod h1:bZFQiC7lNHeblGMyTyxyN9q5QsQXav6QzhHX1wDG9dg=
github.com/pmezard/go-difflib v1.0.0/go.mod h1:iKH77koFhYxTK1pcRnkKkqfTogsbg7gZNVY4sRDYZ/4=
github.com/stretchr/objx v0.1.0/go.mod h1:HFkY916IF+rwdDfMAkV7OtwuqBVzrE8GR6GFx+wExME=
github.com/stretchr/testify v1.6.1/go.mod h1:6Fq8oRcR53rry900zMqJjRRixrwX3KX962/h/Wwjteg=
gopkg.in/check.v1 v0.0.0-20161208181325-20d25e280405/go.mod h1:Co6ibVJAznAaIkqp8huTwlJQCZ016jof/cbN4VW5Yz0=
gopkg.in/yaml.v3 v3.0.0-20200313102051-9f266ea9e77c/go.mod h1:K4uyk7z7BCEPqu6E+C64Yfv1cQ7kz7rIZviUmN+EgEM=
